
Microsoft Visual Studio Solution File, Format Version 12.00
# Visual Studio Version 16
VisualStudioVersion = 16.0.31129.286
MinimumVisualStudioVersion = 10.0.40219.1
Project("{9A19103F-16F7-4668-BE54-9A1E7A4F7556}") = "Library", "Library\Library.csproj", "{52363120-4C6F-4658-8AA7-1AEF96E86E6D}"
EndProject
Project("{9A19103F-16F7-4668-BE54-9A1E7A4F7556}") = "Core", "Core\Core.csproj", "{BAC973B3-57B1-47F5-84E0-69AD25E93116}"
EndProject
Project("{9A19103F-16F7-4668-BE54-9A1E7A4F7556}") = "Microservices.Authenticate", "Microservices.Authenticate\Microservices.Authenticate.csproj", "{798094B2-BBFC-4B00-A790-7938EA5D414E}"
EndProject
Project("{9A19103F-16F7-4668-BE54-9A1E7A4F7556}") = "Microservices.AuthenticateTests", "Microservices.AuthenticateTests\Microservices.AuthenticateTests.csproj", "{28B97DF8-5E71-4A26-86F0-24B1BE4A4458}"
EndProject
Project("{9A19103F-16F7-4668-BE54-9A1E7A4F7556}") = "Database", "Database\Database.csproj", "{03FFCDF2-7730-4F1E-BB24-7EF3EC1C6E7C}"
EndProject
Project("{9A19103F-16F7-4668-BE54-9A1E7A4F7556}") = "Database.SqlServer", "Database.SqlServer\Database.SqlServer.csproj", "{56F7D2E6-742B-4727-A6D8-D947E4485AD8}"
EndProject
Project("{9A19103F-16F7-4668-BE54-9A1E7A4F7556}") = "Microservices.Authenticate.Infra", "Microservices.Authenticate.Infra\Microservices.Authenticate.Infra.csproj", "{DA4C3629-676B-4F77-B612-5E77DD2BB448}"
EndProject
Project("{2150E333-8FDC-42A3-9474-1A3956D46DE8}") = "Solution Items", "Solution Items", "{043CEA72-B2BF-4016-8DAA-83435F9E8C55}"
EndProject
Project("{9A19103F-16F7-4668-BE54-9A1E7A4F7556}") = "Microservices.Authenticate.Infra.SqlServer.Setup", "Microservices.Authenticate.Infra.SqlServer.Setup\Microservices.Authenticate.Infra.SqlServer.Setup.csproj", "{8CA64C25-4993-4024-B22C-0B2B8BA4DCF4}"
EndProject
Project("{9A19103F-16F7-4668-BE54-9A1E7A4F7556}") = "DependencyInjection", "DependencyInjection\DependencyInjection.csproj", "{1D3BF111-E692-474C-AE07-3C6E92F29954}"
EndProject
Project("{9A19103F-16F7-4668-BE54-9A1E7A4F7556}") = "DependencyInjectionTests", "DependencyInjectionTests\DependencyInjectionTests.csproj", "{5B33B3D1-C419-4527-8579-10E83AF2B543}"
EndProject
Project("{FAE04EC0-301F-11D3-BF4B-00C04F79EFBC}") = "JWT", "JWT\JWT.csproj", "{53ACDB17-506C-4721-9194-B2D69A2DAC77}"
EndProject
Project("{FAE04EC0-301F-11D3-BF4B-00C04F79EFBC}") = "JWTTests", "JWTTests\JWTTests.csproj", "{112B50F1-0F2F-4E9A-95D0-18FA61FF5C54}"
EndProject
Global
	GlobalSection(SolutionConfigurationPlatforms) = preSolution
		Debug|Any CPU = Debug|Any CPU
		Release|Any CPU = Release|Any CPU
	EndGlobalSection
	GlobalSection(ProjectConfigurationPlatforms) = postSolution
		{52363120-4C6F-4658-8AA7-1AEF96E86E6D}.Debug|Any CPU.ActiveCfg = Debug|Any CPU
		{52363120-4C6F-4658-8AA7-1AEF96E86E6D}.Debug|Any CPU.Build.0 = Debug|Any CPU
		{52363120-4C6F-4658-8AA7-1AEF96E86E6D}.Release|Any CPU.ActiveCfg = Release|Any CPU
		{52363120-4C6F-4658-8AA7-1AEF96E86E6D}.Release|Any CPU.Build.0 = Release|Any CPU
		{BAC973B3-57B1-47F5-84E0-69AD25E93116}.Debug|Any CPU.ActiveCfg = Debug|Any CPU
		{BAC973B3-57B1-47F5-84E0-69AD25E93116}.Debug|Any CPU.Build.0 = Debug|Any CPU
		{BAC973B3-57B1-47F5-84E0-69AD25E93116}.Release|Any CPU.ActiveCfg = Release|Any CPU
		{BAC973B3-57B1-47F5-84E0-69AD25E93116}.Release|Any CPU.Build.0 = Release|Any CPU
		{798094B2-BBFC-4B00-A790-7938EA5D414E}.Debug|Any CPU.ActiveCfg = Debug|Any CPU
		{798094B2-BBFC-4B00-A790-7938EA5D414E}.Debug|Any CPU.Build.0 = Debug|Any CPU
		{798094B2-BBFC-4B00-A790-7938EA5D414E}.Release|Any CPU.ActiveCfg = Release|Any CPU
		{798094B2-BBFC-4B00-A790-7938EA5D414E}.Release|Any CPU.Build.0 = Release|Any CPU
		{28B97DF8-5E71-4A26-86F0-24B1BE4A4458}.Debug|Any CPU.ActiveCfg = Debug|Any CPU
		{28B97DF8-5E71-4A26-86F0-24B1BE4A4458}.Debug|Any CPU.Build.0 = Debug|Any CPU
		{28B97DF8-5E71-4A26-86F0-24B1BE4A4458}.Release|Any CPU.ActiveCfg = Release|Any CPU
		{28B97DF8-5E71-4A26-86F0-24B1BE4A4458}.Release|Any CPU.Build.0 = Release|Any CPU
		{03FFCDF2-7730-4F1E-BB24-7EF3EC1C6E7C}.Debug|Any CPU.ActiveCfg = Debug|Any CPU
		{03FFCDF2-7730-4F1E-BB24-7EF3EC1C6E7C}.Debug|Any CPU.Build.0 = Debug|Any CPU
		{03FFCDF2-7730-4F1E-BB24-7EF3EC1C6E7C}.Release|Any CPU.ActiveCfg = Release|Any CPU
		{03FFCDF2-7730-4F1E-BB24-7EF3EC1C6E7C}.Release|Any CPU.Build.0 = Release|Any CPU
		{56F7D2E6-742B-4727-A6D8-D947E4485AD8}.Debug|Any CPU.ActiveCfg = Debug|Any CPU
		{56F7D2E6-742B-4727-A6D8-D947E4485AD8}.Debug|Any CPU.Build.0 = Debug|Any CPU
		{56F7D2E6-742B-4727-A6D8-D947E4485AD8}.Release|Any CPU.ActiveCfg = Release|Any CPU
		{56F7D2E6-742B-4727-A6D8-D947E4485AD8}.Release|Any CPU.Build.0 = Release|Any CPU
		{DA4C3629-676B-4F77-B612-5E77DD2BB448}.Debug|Any CPU.ActiveCfg = Debug|Any CPU
		{DA4C3629-676B-4F77-B612-5E77DD2BB448}.Debug|Any CPU.Build.0 = Debug|Any CPU
		{DA4C3629-676B-4F77-B612-5E77DD2BB448}.Release|Any CPU.ActiveCfg = Release|Any CPU
		{DA4C3629-676B-4F77-B612-5E77DD2BB448}.Release|Any CPU.Build.0 = Release|Any CPU
		{8CA64C25-4993-4024-B22C-0B2B8BA4DCF4}.Debug|Any CPU.ActiveCfg = Debug|Any CPU
		{8CA64C25-4993-4024-B22C-0B2B8BA4DCF4}.Debug|Any CPU.Build.0 = Debug|Any CPU
		{8CA64C25-4993-4024-B22C-0B2B8BA4DCF4}.Release|Any CPU.ActiveCfg = Release|Any CPU
		{8CA64C25-4993-4024-B22C-0B2B8BA4DCF4}.Release|Any CPU.Build.0 = Release|Any CPU
		{1D3BF111-E692-474C-AE07-3C6E92F29954}.Debug|Any CPU.ActiveCfg = Debug|Any CPU
		{1D3BF111-E692-474C-AE07-3C6E92F29954}.Debug|Any CPU.Build.0 = Debug|Any CPU
		{1D3BF111-E692-474C-AE07-3C6E92F29954}.Release|Any CPU.ActiveCfg = Release|Any CPU
		{1D3BF111-E692-474C-AE07-3C6E92F29954}.Release|Any CPU.Build.0 = Release|Any CPU
		{5B33B3D1-C419-4527-8579-10E83AF2B543}.Debug|Any CPU.ActiveCfg = Debug|Any CPU
		{5B33B3D1-C419-4527-8579-10E83AF2B543}.Debug|Any CPU.Build.0 = Debug|Any CPU
		{5B33B3D1-C419-4527-8579-10E83AF2B543}.Release|Any CPU.ActiveCfg = Release|Any CPU
		{5B33B3D1-C419-4527-8579-10E83AF2B543}.Release|Any CPU.Build.0 = Release|Any CPU
		{53ACDB17-506C-4721-9194-B2D69A2DAC77}.Debug|Any CPU.ActiveCfg = Debug|Any CPU
		{53ACDB17-506C-4721-9194-B2D69A2DAC77}.Debug|Any CPU.Build.0 = Debug|Any CPU
		{53ACDB17-506C-4721-9194-B2D69A2DAC77}.Release|Any CPU.ActiveCfg = Release|Any CPU
		{53ACDB17-506C-4721-9194-B2D69A2DAC77}.Release|Any CPU.Build.0 = Release|Any CPU
		{112B50F1-0F2F-4E9A-95D0-18FA61FF5C54}.Debug|Any CPU.ActiveCfg = Debug|Any CPU
		{112B50F1-0F2F-4E9A-95D0-18FA61FF5C54}.Debug|Any CPU.Build.0 = Debug|Any CPU
		{112B50F1-0F2F-4E9A-95D0-18FA61FF5C54}.Release|Any CPU.ActiveCfg = Release|Any CPU
		{112B50F1-0F2F-4E9A-95D0-18FA61FF5C54}.Release|Any CPU.Build.0 = Release|Any CPU
	EndGlobalSection
	GlobalSection(SolutionProperties) = preSolution
		HideSolutionNode = FALSE
	EndGlobalSection
	GlobalSection(ExtensibilityGlobals) = postSolution
		SolutionGuid = {064E3043-01B1-4C1C-8C01-5943332627BE}
	EndGlobalSection
EndGlobal
